
Microsoft Visual Studio Solution File, Format Version 12.00
# Visual Studio Version 17
VisualStudioVersion = 17.5.002.0
MinimumVisualStudioVersion = 10.0.40219.1
Project("{9A19103F-16F7-4668-BE54-9A1E7A4F7556}") = "Biblioteca", "Biblioteca.csproj", "{1839CFD2-A385-4495-B3BD-0183ECB482A2}"
EndProject
Global
	GlobalSection(SolutionConfigurationPlatforms) = preSolution
		Debug|Any CPU = Debug|Any CPU
		Release|Any CPU = Release|Any CPU
	EndGlobalSection
	GlobalSection(ProjectConfigurationPlatforms) = postSolution
		{1839CFD2-A385-4495-B3BD-0183ECB482A2}.Debug|Any CPU.ActiveCfg = Debug|Any CPU
		{1839CFD2-A385-4495-B3BD-0183ECB482A2}.Debug|Any CPU.Build.0 = Debug|Any CPU
		{1839CFD2-A385-4495-B3BD-0183ECB482A2}.Release|Any CPU.ActiveCfg = Release|Any CPU
		{1839CFD2-A385-4495-B3BD-0183ECB482A2}.Release|Any CPU.Build.0 = Release|Any CPU
	EndGlobalSection
	GlobalSection(SolutionProperties) = preSolution
		HideSolutionNode = FALSE
	EndGlobalSection
	GlobalSection(ExtensibilityGlobals) = postSolution
		SolutionGuid = {812E0388-0BF1-49E4-B341-7BB975AC87D7}
	EndGlobalSection
EndGlobal
